
Microsoft Visual Studio Solution File, Format Version 12.00
# Visual Studio Version 17
VisualStudioVersion = 17.10.34916.146
MinimumVisualStudioVersion = 10.0.40219.1
Project("{FAE04EC0-301F-11D3-BF4B-00C04F79EFBC}") = "week2_assignment", "week2_assignment\week2_assignment.csproj", "{64E43DFC-4082-4A83-A339-2D4315EBD701}"
EndProject
Global
	GlobalSection(SolutionConfigurationPlatforms) = preSolution
		Debug|Any CPU = Debug|Any CPU
		Release|Any CPU = Release|Any CPU
	EndGlobalSection
	GlobalSection(ProjectConfigurationPlatforms) = postSolution
		{64E43DFC-4082-4A83-A339-2D4315EBD701}.Debug|Any CPU.ActiveCfg = Debug|Any CPU
		{64E43DFC-4082-4A83-A339-2D4315EBD701}.Debug|Any CPU.Build.0 = Debug|Any CPU
		{64E43DFC-4082-4A83-A339-2D4315EBD701}.Release|Any CPU.ActiveCfg = Release|Any CPU
		{64E43DFC-4082-4A83-A339-2D4315EBD701}.Release|Any CPU.Build.0 = Release|Any CPU
	EndGlobalSection
	GlobalSection(SolutionProperties) = preSolution
		HideSolutionNode = FALSE
	EndGlobalSection
	GlobalSection(ExtensibilityGlobals) = postSolution
		SolutionGuid = {DC5669DE-774C-4133-8715-8100CE6328EC}
	EndGlobalSection
EndGlobal
