
Microsoft Visual Studio Solution File, Format Version 12.00
# Visual Studio Version 17
VisualStudioVersion = 17.9.34902.65
MinimumVisualStudioVersion = 10.0.40219.1
Project("{FAE04EC0-301F-11D3-BF4B-00C04F79EFBC}") = "SE256_RazorLab_JaydenF", "SE256_RazorLab_JaydenF\SE256_RazorLab_JaydenF.csproj", "{A820645E-5BD5-4D29-97F6-A93160432AFE}"
EndProject
Global
	GlobalSection(SolutionConfigurationPlatforms) = preSolution
		Debug|Any CPU = Debug|Any CPU
		Release|Any CPU = Release|Any CPU
	EndGlobalSection
	GlobalSection(ProjectConfigurationPlatforms) = postSolution
		{A820645E-5BD5-4D29-97F6-A93160432AFE}.Debug|Any CPU.ActiveCfg = Debug|Any CPU
		{A820645E-5BD5-4D29-97F6-A93160432AFE}.Debug|Any CPU.Build.0 = Debug|Any CPU
		{A820645E-5BD5-4D29-97F6-A93160432AFE}.Release|Any CPU.ActiveCfg = Release|Any CPU
		{A820645E-5BD5-4D29-97F6-A93160432AFE}.Release|Any CPU.Build.0 = Release|Any CPU
	EndGlobalSection
	GlobalSection(SolutionProperties) = preSolution
		HideSolutionNode = FALSE
	EndGlobalSection
	GlobalSection(ExtensibilityGlobals) = postSolution
		SolutionGuid = {B518DE5B-58B5-47E6-B00A-BEB3FA15646E}
	EndGlobalSection
EndGlobal
